Microsoft Visual Studio Solution File, Format Version 12.00
# Visual Studio Version 17
VisualStudioVersion = 17.5.2.0
MinimumVisualStudioVersion = 10.0.40219.1
Project("{FAE04EC0-301F-11D3-BF4B-00C04F79EFBC}") = "PepchaBuild", "PepchaBuild.csproj", "{7A66B258-68A2-3121-38C1-6114719E6F7C}"
EndProject
Global
	GlobalSection(SolutionConfigurationPlatforms) = preSolution
		Debug|Any CPU = Debug|Any CPU
		Release|Any CPU = Release|Any CPU
	EndGlobalSection
	GlobalSection(ProjectConfigurationPlatforms) = postSolution
		{7A66B258-68A2-3121-38C1-6114719E6F7C}.Debug|Any CPU.ActiveCfg = Debug|Any CPU
		{7A66B258-68A2-3121-38C1-6114719E6F7C}.Debug|Any CPU.Build.0 = Debug|Any CPU
		{7A66B258-68A2-3121-38C1-6114719E6F7C}.Release|Any CPU.ActiveCfg = Release|Any CPU
		{7A66B258-68A2-3121-38C1-6114719E6F7C}.Release|Any CPU.Build.0 = Release|Any CPU
	EndGlobalSection
	GlobalSection(SolutionProperties) = preSolution
		HideSolutionNode = FALSE
	EndGlobalSection
	GlobalSection(ExtensibilityGlobals) = postSolution
		SolutionGuid = {39DEA0D1-ED12-4374-AE17-CCE0D0B86EBB}
	EndGlobalSection
EndGlobal
